<Solution>
  <Project Path="src/LuciAgent.Client/LuciAgent.Client.Core/LuciAgent.Client.Core.csproj" Id="12f4422a-e2c0-44ce-9563-a1e035c7d075" />
  <Project Path="src/LuciAgent.Client/LuciferAgent.Client.Console/LuciAgent.Client.Console.csproj" Id="e6f2bcc9-9143-4b65-88e7-0e8510c33262" />
  <Project Path="src/LuciAgent.Server/LuciAgent.Server.csproj" Id="6ae4a8c8-20d1-4d73-989a-c5526b11175d" />
</Solution>
